{
    "_meta": {
        "hash": {
            "sha256": "0a1b9c6b374b376e8302bb64764e4778d780dca10199b5c5163fae0e85ae65ac"
        },
        "pipfile-spec": 6,
        "requires": {
            "python_version": "3.7"
        },
        "sources": [
            {
                "name": "pypi",
                "url": "https://pypi.org/simple",
                "verify_ssl": true
            }
        ]
    },
    "default": {
        "codemod": {
            "hashes": [
                "sha256:06e8c75f2b45210dd8270e30a6a88ae464b39abd6d0cab58a3d7bfd1c094e588",
                "sha256:1325a5f3af90b9961c297533ae93d0bc79425502680ef1d1fe302032a63e7b8e"
            ],
            "index": "pypi",
            "version": "==1.0.0"
        }
    },
    "develop": {}
}
